
Microsoft Visual Studio Solution File, Format Version 12.00
# Visual Studio Version 17
VisualStudioVersion = 17.2.32630.192
MinimumVisualStudioVersion = 10.0.40219.1
Project("{9A19103F-16F7-4668-BE54-9A1E7A4F7556}") = "AnaloguePocketLibraryImageConverter", "AnaloguePocketLibraryImageConverter\AnaloguePocketLibraryImageConverter.csproj", "{07EA64BF-939C-4826-A59B-3B74C4D14335}"
EndProject
Global
	GlobalSection(SolutionConfigurationPlatforms) = preSolution
		Debug|Any CPU = Debug|Any CPU
		Release|Any CPU = Release|Any CPU
	EndGlobalSection
	GlobalSection(ProjectConfigurationPlatforms) = postSolution
		{07EA64BF-939C-4826-A59B-3B74C4D14335}.Debug|Any CPU.ActiveCfg = Debug|Any CPU
		{07EA64BF-939C-4826-A59B-3B74C4D14335}.Debug|Any CPU.Build.0 = Debug|Any CPU
		{07EA64BF-939C-4826-A59B-3B74C4D14335}.Release|Any CPU.ActiveCfg = Release|Any CPU
		{07EA64BF-939C-4826-A59B-3B74C4D14335}.Release|Any CPU.Build.0 = Release|Any CPU
	EndGlobalSection
	GlobalSection(SolutionProperties) = preSolution
		HideSolutionNode = FALSE
	EndGlobalSection
	GlobalSection(ExtensibilityGlobals) = postSolution
		SolutionGuid = {6B59B8DD-C7F9-41EE-804D-109EEDD7F89B}
	EndGlobalSection
EndGlobal
